
Microsoft Visual Studio Solution File, Format Version 12.00
# Visual Studio 15
VisualStudioVersion = 15.0.28307.329
MinimumVisualStudioVersion = 10.0.40219.1
Project("{FAE04EC0-301F-11D3-BF4B-00C04F79EFBC}") = "MicrowaveApplicatie", "MicrowaveApplicatie\MicrowaveApplicatie.csproj", "{07B00110-647B-4EEC-85F4-FC20EA6EDB4F}"
EndProject
Global
	GlobalSection(SolutionConfigurationPlatforms) = preSolution
		Debug|Any CPU = Debug|Any CPU
		Release|Any CPU = Release|Any CPU
	EndGlobalSection
	GlobalSection(ProjectConfigurationPlatforms) = postSolution
		{07B00110-647B-4EEC-85F4-FC20EA6EDB4F}.Debug|Any CPU.ActiveCfg = Debug|Any CPU
		{07B00110-647B-4EEC-85F4-FC20EA6EDB4F}.Debug|Any CPU.Build.0 = Debug|Any CPU
		{07B00110-647B-4EEC-85F4-FC20EA6EDB4F}.Release|Any CPU.ActiveCfg = Release|Any CPU
		{07B00110-647B-4EEC-85F4-FC20EA6EDB4F}.Release|Any CPU.Build.0 = Release|Any CPU
	EndGlobalSection
	GlobalSection(SolutionProperties) = preSolution
		HideSolutionNode = FALSE
	EndGlobalSection
	GlobalSection(ExtensibilityGlobals) = postSolution
		SolutionGuid = {263B1C8D-EF3E-47CE-A6F4-247CC4D4D846}
	EndGlobalSection
EndGlobal
